
Microsoft Visual Studio Solution File, Format Version 12.00
# Visual Studio 15
VisualStudioVersion = 15.0.28307.489
MinimumVisualStudioVersion = 10.0.40219.1
Project("{FAE04EC0-301F-11D3-BF4B-00C04F79EFBC}") = "Zoo", "Zoo\Zoo.csproj", "{8CEA4CC0-9780-4C24-B1E0-26DA2C759B25}"
EndProject
Global
	GlobalSection(SolutionConfigurationPlatforms) = preSolution
		Debug|Any CPU = Debug|Any CPU
		Release|Any CPU = Release|Any CPU
	EndGlobalSection
	GlobalSection(ProjectConfigurationPlatforms) = postSolution
		{8CEA4CC0-9780-4C24-B1E0-26DA2C759B25}.Debug|Any CPU.ActiveCfg = Debug|Any CPU
		{8CEA4CC0-9780-4C24-B1E0-26DA2C759B25}.Debug|Any CPU.Build.0 = Debug|Any CPU
		{8CEA4CC0-9780-4C24-B1E0-26DA2C759B25}.Release|Any CPU.ActiveCfg = Release|Any CPU
		{8CEA4CC0-9780-4C24-B1E0-26DA2C759B25}.Release|Any CPU.Build.0 = Release|Any CPU
	EndGlobalSection
	GlobalSection(SolutionProperties) = preSolution
		HideSolutionNode = FALSE
	EndGlobalSection
	GlobalSection(ExtensibilityGlobals) = postSolution
		SolutionGuid = {E549266A-EE7D-4A8A-AB5F-81AE0A7DC5C8}
	EndGlobalSection
EndGlobal
